
Microsoft Visual Studio Solution File, Format Version 12.00
# Visual Studio Version 17
VisualStudioVersion = 17.14.36109.1
MinimumVisualStudioVersion = 10.0.40219.1
Project("{FAE04EC0-301F-11D3-BF4B-00C04F79EFBC}") = "Projekt", "Projekt.csproj", "{FF06898E-E137-4FED-96D5-7B66989B79C1}"
EndProject
Global
	GlobalSection(SolutionConfigurationPlatforms) = preSolution
		Debug|Any CPU = Debug|Any CPU
		Release|Any CPU = Release|Any CPU
	EndGlobalSection
	GlobalSection(ProjectConfigurationPlatforms) = postSolution
		{FF06898E-E137-4FED-96D5-7B66989B79C1}.Debug|Any CPU.ActiveCfg = Debug|Any CPU
		{FF06898E-E137-4FED-96D5-7B66989B79C1}.Debug|Any CPU.Build.0 = Debug|Any CPU
		{FF06898E-E137-4FED-96D5-7B66989B79C1}.Release|Any CPU.ActiveCfg = Release|Any CPU
		{FF06898E-E137-4FED-96D5-7B66989B79C1}.Release|Any CPU.Build.0 = Release|Any CPU
	EndGlobalSection
	GlobalSection(SolutionProperties) = preSolution
		HideSolutionNode = FALSE
	EndGlobalSection
	GlobalSection(ExtensibilityGlobals) = postSolution
		SolutionGuid = {149A3D23-E377-4237-BC38-D670756C25BD}
	EndGlobalSection
EndGlobal
